
Microsoft Visual Studio Solution File, Format Version 12.00
# Visual Studio Version 17
VisualStudioVersion = 17.8.34330.188
MinimumVisualStudioVersion = 10.0.40219.1
Project("{FAE04EC0-301F-11D3-BF4B-00C04F79EFBC}") = "App", "App\App.csproj", "{00ABC553-FF39-4A0F-AD37-AB5B723B72DA}"
EndProject
Project("{FAE04EC0-301F-11D3-BF4B-00C04F79EFBC}") = "Core", "Core\Core.csproj", "{62708236-1EA0-4985-98AC-AAE83BE0F8BF}"
EndProject
Global
	GlobalSection(SolutionConfigurationPlatforms) = preSolution
		Debug|Any CPU = Debug|Any CPU
		Release|Any CPU = Release|Any CPU
	EndGlobalSection
	GlobalSection(ProjectConfigurationPlatforms) = postSolution
		{00ABC553-FF39-4A0F-AD37-AB5B723B72DA}.Debug|Any CPU.ActiveCfg = Debug|Any CPU
		{00ABC553-FF39-4A0F-AD37-AB5B723B72DA}.Debug|Any CPU.Build.0 = Debug|Any CPU
		{00ABC553-FF39-4A0F-AD37-AB5B723B72DA}.Release|Any CPU.ActiveCfg = Release|Any CPU
		{00ABC553-FF39-4A0F-AD37-AB5B723B72DA}.Release|Any CPU.Build.0 = Release|Any CPU
		{62708236-1EA0-4985-98AC-AAE83BE0F8BF}.Debug|Any CPU.ActiveCfg = Debug|Any CPU
		{62708236-1EA0-4985-98AC-AAE83BE0F8BF}.Debug|Any CPU.Build.0 = Debug|Any CPU
		{62708236-1EA0-4985-98AC-AAE83BE0F8BF}.Release|Any CPU.ActiveCfg = Release|Any CPU
		{62708236-1EA0-4985-98AC-AAE83BE0F8BF}.Release|Any CPU.Build.0 = Release|Any CPU
	EndGlobalSection
	GlobalSection(SolutionProperties) = preSolution
		HideSolutionNode = FALSE
	EndGlobalSection
	GlobalSection(ExtensibilityGlobals) = postSolution
		SolutionGuid = {F1A11B27-498C-4245-84DA-9D43E3837591}
	EndGlobalSection
EndGlobal
